name: pr-unlock

on:
    pull_request:
        types: [closed, unlabeled]

permissions:
    contents: write

jobs:
    shared-pr-unlock:
        uses: wislertt/zerv/.github/workflows/shared-pr-unlock.yml@3be92cd48b13e9710b1d7b5e34c4fb5906d8af49 # v0.8.12
        with:
            environments: '["d", "n", "p"]'
            deploy_label_prefix: "deploy-"
